
git clone git@github.com:grapetechadmin/dewa-test.git
cd dewa-test
docker build -t dewa-ev:latest .
docker tag dewa-ev:latest 670907057868.dkr.ecr.us-east-2.amazonaws.com/dewa-ev:build-0
docker push 670907057868.dkr.ecr.us-east-2.amazonaws.com/dewa-ev:build-0

rm -rvf dewa-test
docker rmi -f $(docker images -aq)

